
Microsoft Visual Studio Solution File, Format Version 12.00
# Visual Studio Version 17
VisualStudioVersion = 17.13.35913.81 d17.13
MinimumVisualStudioVersion = 10.0.40219.1
Project("{FAE04EC0-301F-11D3-BF4B-00C04F79EFBC}") = "WordReverser", "WordReverser\WordReverser.csproj", "{D0AB96B4-20C2-4AFE-B6FF-78F7C1B8072F}"
EndProject
Global
	GlobalSection(SolutionConfigurationPlatforms) = preSolution
		Debug|Any CPU = Debug|Any CPU
		Release|Any CPU = Release|Any CPU
	EndGlobalSection
	GlobalSection(ProjectConfigurationPlatforms) = postSolution
		{D0AB96B4-20C2-4AFE-B6FF-78F7C1B8072F}.Debug|Any CPU.ActiveCfg = Debug|Any CPU
		{D0AB96B4-20C2-4AFE-B6FF-78F7C1B8072F}.Debug|Any CPU.Build.0 = Debug|Any CPU
		{D0AB96B4-20C2-4AFE-B6FF-78F7C1B8072F}.Release|Any CPU.ActiveCfg = Release|Any CPU
		{D0AB96B4-20C2-4AFE-B6FF-78F7C1B8072F}.Release|Any CPU.Build.0 = Release|Any CPU
	EndGlobalSection
	GlobalSection(SolutionProperties) = preSolution
		HideSolutionNode = FALSE
	EndGlobalSection
	GlobalSection(ExtensibilityGlobals) = postSolution
		SolutionGuid = {C274EC8A-21A7-471F-9262-C7BFE39CB796}
	EndGlobalSection
EndGlobal
