
Microsoft Visual Studio Solution File, Format Version 12.00
# Visual Studio Version 17
VisualStudioVersion = 17.13.35913.81
MinimumVisualStudioVersion = 10.0.40219.1
Project("{FAE04EC0-301F-11D3-BF4B-00C04F79EFBC}") = "BasicConsoleCalculator", "BasicConsoleCalculator\BasicConsoleCalculator.csproj", "{DCC91513-7914-013B-CCEF-A7242ECEF73F}"
EndProject
Global
	GlobalSection(SolutionConfigurationPlatforms) = preSolution
		Debug|Any CPU = Debug|Any CPU
		Release|Any CPU = Release|Any CPU
	EndGlobalSection
	GlobalSection(ProjectConfigurationPlatforms) = postSolution
		{DCC91513-7914-013B-CCEF-A7242ECEF73F}.Debug|Any CPU.ActiveCfg = Debug|Any CPU
		{DCC91513-7914-013B-CCEF-A7242ECEF73F}.Debug|Any CPU.Build.0 = Debug|Any CPU
		{DCC91513-7914-013B-CCEF-A7242ECEF73F}.Release|Any CPU.ActiveCfg = Release|Any CPU
		{DCC91513-7914-013B-CCEF-A7242ECEF73F}.Release|Any CPU.Build.0 = Release|Any CPU
	EndGlobalSection
	GlobalSection(SolutionProperties) = preSolution
		HideSolutionNode = FALSE
	EndGlobalSection
	GlobalSection(ExtensibilityGlobals) = postSolution
		SolutionGuid = {1339DE21-98E9-4D8C-87D0-15341939F3E4}
	EndGlobalSection
EndGlobal
